
Microsoft Visual Studio Solution File, Format Version 12.00
# Visual Studio Version 16
VisualStudioVersion = 16.0.32002.261
MinimumVisualStudioVersion = 10.0.40219.1
Project("{FAE04EC0-301F-11D3-BF4B-00C04F79EFBC}") = "SalonReservation.WebUI", "SalonAndSpaReservation.WebUI\SalonReservation.WebUI.csproj", "{494117A0-F490-4646-9AD9-9D3F5181B0EF}"
EndProject
Project("{FAE04EC0-301F-11D3-BF4B-00C04F79EFBC}") = "SalonReservation.UnitTests", "SalonAndSpaReservation.UnitTests\SalonReservation.UnitTests.csproj", "{99D61972-BD1D-44EA-8FBC-B48DFB44AC82}"
EndProject
Project("{FAE04EC0-301F-11D3-BF4B-00C04F79EFBC}") = "SalonReservation.Domain", "SalonAndSpaReservation.Domain\SalonReservation.Domain.csproj", "{171EDA23-C2E8-4526-B44A-D70E80DC13B4}"
EndProject
Global
	GlobalSection(SolutionConfigurationPlatforms) = preSolution
		Debug|Any CPU = Debug|Any CPU
		Release|Any CPU = Release|Any CPU
	EndGlobalSection
	GlobalSection(ProjectConfigurationPlatforms) = postSolution
		{494117A0-F490-4646-9AD9-9D3F5181B0EF}.Debug|Any CPU.ActiveCfg = Debug|Any CPU
		{494117A0-F490-4646-9AD9-9D3F5181B0EF}.Debug|Any CPU.Build.0 = Debug|Any CPU
		{494117A0-F490-4646-9AD9-9D3F5181B0EF}.Release|Any CPU.ActiveCfg = Release|Any CPU
		{494117A0-F490-4646-9AD9-9D3F5181B0EF}.Release|Any CPU.Build.0 = Release|Any CPU
		{99D61972-BD1D-44EA-8FBC-B48DFB44AC82}.Debug|Any CPU.ActiveCfg = Debug|Any CPU
		{99D61972-BD1D-44EA-8FBC-B48DFB44AC82}.Debug|Any CPU.Build.0 = Debug|Any CPU
		{99D61972-BD1D-44EA-8FBC-B48DFB44AC82}.Release|Any CPU.ActiveCfg = Release|Any CPU
		{99D61972-BD1D-44EA-8FBC-B48DFB44AC82}.Release|Any CPU.Build.0 = Release|Any CPU
		{171EDA23-C2E8-4526-B44A-D70E80DC13B4}.Debug|Any CPU.ActiveCfg = Debug|Any CPU
		{171EDA23-C2E8-4526-B44A-D70E80DC13B4}.Debug|Any CPU.Build.0 = Debug|Any CPU
		{171EDA23-C2E8-4526-B44A-D70E80DC13B4}.Release|Any CPU.ActiveCfg = Release|Any CPU
		{171EDA23-C2E8-4526-B44A-D70E80DC13B4}.Release|Any CPU.Build.0 = Release|Any CPU
	EndGlobalSection
	GlobalSection(SolutionProperties) = preSolution
		HideSolutionNode = FALSE
	EndGlobalSection
	GlobalSection(ExtensibilityGlobals) = postSolution
		SolutionGuid = {CEDD18D2-6519-4FE5-9B52-2BE9BEF01B57}
	EndGlobalSection
EndGlobal
